
Microsoft Visual Studio Solution File, Format Version 12.00
# Visual Studio Version 16
VisualStudioVersion = 16.0.30002.166
MinimumVisualStudioVersion = 10.0.40219.1
Project("{FAE04EC0-301F-11D3-BF4B-00C04F79EFBC}") = "StoreHood.Api", "StoreHood.Api.csproj", "{067EBF68-8E1F-4D8B-BFA2-EF6F3B771E8D}"
EndProject
Project("{2150E333-8FDC-42A3-9474-1A3956D46DE8}") = "1 - Layers", "1 - Layers", "{360018E0-6544-45B2-943C-8C4E72BC5C85}"
EndProject
Project("{2150E333-8FDC-42A3-9474-1A3956D46DE8}") = "1.1 Distributed Services", "1.1 Distributed Services", "{76933C06-D61C-4484-9FD8-8122CD7A568E}"
EndProject
Project("{2150E333-8FDC-42A3-9474-1A3956D46DE8}") = "1.2 Aplication", "1.2 Aplication", "{8B9496A2-9A9A-44CA-82D8-D638948CF836}"
EndProject
Project("{2150E333-8FDC-42A3-9474-1A3956D46DE8}") = "1.3 Business", "1.3 Business", "{A7645C0F-F3BA-43F8-9526-ECDD88A5BB88}"
EndProject
Project("{2150E333-8FDC-42A3-9474-1A3956D46DE8}") = "1.4 DataAccess", "1.4 DataAccess", "{8D2B3BF2-91C3-404C-AE35-01FD3D194444}"
EndProject
Project("{2150E333-8FDC-42A3-9474-1A3956D46DE8}") = "1.5 Cross-Cutting", "1.5 Cross-Cutting", "{B06D454B-9264-4B29-B861-B598719B0D9E}"
EndProject
Project("{FAE04EC0-301F-11D3-BF4B-00C04F79EFBC}") = "StoreHood.Api.CrossCutting", "..\StoreHood.Api.CrossCutting\StoreHood.Api.CrossCutting.csproj", "{E28DF56B-A8BB-47B8-913B-866689716B83}"
EndProject
Project("{2150E333-8FDC-42A3-9474-1A3956D46DE8}") = "Entities", "Entities", "{315FD183-40F0-4F0C-BDAC-D56EDF000BC5}"
EndProject
Project("{2150E333-8FDC-42A3-9474-1A3956D46DE8}") = "Enum", "Enum", "{E3475037-BB18-47AA-BF4C-3071DCB81776}"
EndProject
Project("{2150E333-8FDC-42A3-9474-1A3956D46DE8}") = "Repositories", "Repositories", "{675F9B0D-3E0C-4852-8BE0-5FD6EF2FEFF6}"
EndProject
Project("{FAE04EC0-301F-11D3-BF4B-00C04F79EFBC}") = "StoreHood.Api.DataAccess", "..\StoreHood.Api.DataAccess\StoreHood.Api.DataAccess.csproj", "{73D0090E-D2A0-48DD-9445-E4B224F17FE1}"
EndProject
Project("{FAE04EC0-301F-11D3-BF4B-00C04F79EFBC}") = "StoreHood.Api.DataAccess.Contracts", "..\StoreHood.Api.DataAccess.Contracts\StoreHood.Api.DataAccess.Contracts.csproj", "{3373C992-9E11-44BA-84F1-A6B16F608E56}"
EndProject
Project("{FAE04EC0-301F-11D3-BF4B-00C04F79EFBC}") = "StoreHood.Api.Business", "..\StoreHood.Api.Business\StoreHood.Api.Business.csproj", "{458827F6-712A-43EA-811A-B6DB2ED4FE5F}"
EndProject
Project("{FAE04EC0-301F-11D3-BF4B-00C04F79EFBC}") = "StoreHood.Api.Application", "..\StoreHood.Api.Application\StoreHood.Api.Application.csproj", "{D42D7A27-AEBA-4140-BDED-20C23AEB0190}"
EndProject
Project("{FAE04EC0-301F-11D3-BF4B-00C04F79EFBC}") = "StoreHood.Api.Application.Contracts", "..\StoreHood.Api.Application.Contracts\StoreHood.Api.Application.Contracts.csproj", "{B5E978D2-4A01-4B16-B9F8-72EF92529CC5}"
EndProject
Project("{FAE04EC0-301F-11D3-BF4B-00C04F79EFBC}") = "StoreHood.Api.Application.Tests", "..\StoreHood.Api.Application.Tests\StoreHood.Api.Application.Tests.csproj", "{2ED2C275-ADB0-4D6B-ADEE-F7894F0B74FC}"
EndProject
Global
	GlobalSection(SolutionConfigurationPlatforms) = preSolution
		Debug|Any CPU = Debug|Any CPU
		Release|Any CPU = Release|Any CPU
	EndGlobalSection
	GlobalSection(ProjectConfigurationPlatforms) = postSolution
		{067EBF68-8E1F-4D8B-BFA2-EF6F3B771E8D}.Debug|Any CPU.ActiveCfg = Debug|Any CPU
		{067EBF68-8E1F-4D8B-BFA2-EF6F3B771E8D}.Debug|Any CPU.Build.0 = Debug|Any CPU
		{067EBF68-8E1F-4D8B-BFA2-EF6F3B771E8D}.Release|Any CPU.ActiveCfg = Release|Any CPU
		{067EBF68-8E1F-4D8B-BFA2-EF6F3B771E8D}.Release|Any CPU.Build.0 = Release|Any CPU
		{E28DF56B-A8BB-47B8-913B-866689716B83}.Debug|Any CPU.ActiveCfg = Debug|Any CPU
		{E28DF56B-A8BB-47B8-913B-866689716B83}.Debug|Any CPU.Build.0 = Debug|Any CPU
		{E28DF56B-A8BB-47B8-913B-866689716B83}.Release|Any CPU.ActiveCfg = Release|Any CPU
		{E28DF56B-A8BB-47B8-913B-866689716B83}.Release|Any CPU.Build.0 = Release|Any CPU
		{73D0090E-D2A0-48DD-9445-E4B224F17FE1}.Debug|Any CPU.ActiveCfg = Debug|Any CPU
		{73D0090E-D2A0-48DD-9445-E4B224F17FE1}.Debug|Any CPU.Build.0 = Debug|Any CPU
		{73D0090E-D2A0-48DD-9445-E4B224F17FE1}.Release|Any CPU.ActiveCfg = Release|Any CPU
		{73D0090E-D2A0-48DD-9445-E4B224F17FE1}.Release|Any CPU.Build.0 = Release|Any CPU
		{3373C992-9E11-44BA-84F1-A6B16F608E56}.Debug|Any CPU.ActiveCfg = Debug|Any CPU
		{3373C992-9E11-44BA-84F1-A6B16F608E56}.Debug|Any CPU.Build.0 = Debug|Any CPU
		{3373C992-9E11-44BA-84F1-A6B16F608E56}.Release|Any CPU.ActiveCfg = Release|Any CPU
		{3373C992-9E11-44BA-84F1-A6B16F608E56}.Release|Any CPU.Build.0 = Release|Any CPU
		{458827F6-712A-43EA-811A-B6DB2ED4FE5F}.Debug|Any CPU.ActiveCfg = Debug|Any CPU
		{458827F6-712A-43EA-811A-B6DB2ED4FE5F}.Debug|Any CPU.Build.0 = Debug|Any CPU
		{458827F6-712A-43EA-811A-B6DB2ED4FE5F}.Release|Any CPU.ActiveCfg = Release|Any CPU
		{458827F6-712A-43EA-811A-B6DB2ED4FE5F}.Release|Any CPU.Build.0 = Release|Any CPU
		{D42D7A27-AEBA-4140-BDED-20C23AEB0190}.Debug|Any CPU.ActiveCfg = Debug|Any CPU
		{D42D7A27-AEBA-4140-BDED-20C23AEB0190}.Debug|Any CPU.Build.0 = Debug|Any CPU
		{D42D7A27-AEBA-4140-BDED-20C23AEB0190}.Release|Any CPU.ActiveCfg = Release|Any CPU
		{D42D7A27-AEBA-4140-BDED-20C23AEB0190}.Release|Any CPU.Build.0 = Release|Any CPU
		{B5E978D2-4A01-4B16-B9F8-72EF92529CC5}.Debug|Any CPU.ActiveCfg = Debug|Any CPU
		{B5E978D2-4A01-4B16-B9F8-72EF92529CC5}.Debug|Any CPU.Build.0 = Debug|Any CPU
		{B5E978D2-4A01-4B16-B9F8-72EF92529CC5}.Release|Any CPU.ActiveCfg = Release|Any CPU
		{B5E978D2-4A01-4B16-B9F8-72EF92529CC5}.Release|Any CPU.Build.0 = Release|Any CPU
		{2ED2C275-ADB0-4D6B-ADEE-F7894F0B74FC}.Debug|Any CPU.ActiveCfg = Debug|Any CPU
		{2ED2C275-ADB0-4D6B-ADEE-F7894F0B74FC}.Debug|Any CPU.Build.0 = Debug|Any CPU
		{2ED2C275-ADB0-4D6B-ADEE-F7894F0B74FC}.Release|Any CPU.ActiveCfg = Release|Any CPU
		{2ED2C275-ADB0-4D6B-ADEE-F7894F0B74FC}.Release|Any CPU.Build.0 = Release|Any CPU
	EndGlobalSection
	GlobalSection(SolutionProperties) = preSolution
		HideSolutionNode = FALSE
	EndGlobalSection
	GlobalSection(NestedProjects) = preSolution
		{067EBF68-8E1F-4D8B-BFA2-EF6F3B771E8D} = {76933C06-D61C-4484-9FD8-8122CD7A568E}
		{76933C06-D61C-4484-9FD8-8122CD7A568E} = {360018E0-6544-45B2-943C-8C4E72BC5C85}
		{8B9496A2-9A9A-44CA-82D8-D638948CF836} = {360018E0-6544-45B2-943C-8C4E72BC5C85}
		{A7645C0F-F3BA-43F8-9526-ECDD88A5BB88} = {360018E0-6544-45B2-943C-8C4E72BC5C85}
		{8D2B3BF2-91C3-404C-AE35-01FD3D194444} = {360018E0-6544-45B2-943C-8C4E72BC5C85}
		{B06D454B-9264-4B29-B861-B598719B0D9E} = {360018E0-6544-45B2-943C-8C4E72BC5C85}
		{E28DF56B-A8BB-47B8-913B-866689716B83} = {B06D454B-9264-4B29-B861-B598719B0D9E}
		{315FD183-40F0-4F0C-BDAC-D56EDF000BC5} = {8D2B3BF2-91C3-404C-AE35-01FD3D194444}
		{E3475037-BB18-47AA-BF4C-3071DCB81776} = {8D2B3BF2-91C3-404C-AE35-01FD3D194444}
		{675F9B0D-3E0C-4852-8BE0-5FD6EF2FEFF6} = {8D2B3BF2-91C3-404C-AE35-01FD3D194444}
		{73D0090E-D2A0-48DD-9445-E4B224F17FE1} = {8D2B3BF2-91C3-404C-AE35-01FD3D194444}
		{3373C992-9E11-44BA-84F1-A6B16F608E56} = {8D2B3BF2-91C3-404C-AE35-01FD3D194444}
		{458827F6-712A-43EA-811A-B6DB2ED4FE5F} = {A7645C0F-F3BA-43F8-9526-ECDD88A5BB88}
		{D42D7A27-AEBA-4140-BDED-20C23AEB0190} = {8B9496A2-9A9A-44CA-82D8-D638948CF836}
		{B5E978D2-4A01-4B16-B9F8-72EF92529CC5} = {8B9496A2-9A9A-44CA-82D8-D638948CF836}
		{2ED2C275-ADB0-4D6B-ADEE-F7894F0B74FC} = {8B9496A2-9A9A-44CA-82D8-D638948CF836}
	EndGlobalSection
	GlobalSection(ExtensibilityGlobals) = postSolution
		SolutionGuid = {2505D7CB-AD53-4CA5-92A9-B41143C41987}
	EndGlobalSection
EndGlobal
